
Microsoft Visual Studio Solution File, Format Version 12.00
# Visual Studio Version 17
VisualStudioVersion = 17.0.31717.71
MinimumVisualStudioVersion = 10.0.40219.1
Project("{9A19103F-16F7-4668-BE54-9A1E7A4F7556}") = "Todo.Api", "Todo.Api\Todo.Api.csproj", "{8B1F6F88-C84A-4D2F-A648-EDDCA6BD7943}"
EndProject
Project("{9A19103F-16F7-4668-BE54-9A1E7A4F7556}") = "Todo.Api.Tests", "Todo.Api.Tests\Todo.Api.Tests.csproj", "{0A9F94AE-38A9-426D-A643-1F5582544318}"
EndProject
Project("{2150E333-8FDC-42A3-9474-1A3956D46DE8}") = "Solution Items", "Solution Items", "{7FAB2FEF-77C3-4519-AA2E-0CCCDFE1FC13}"
	ProjectSection(SolutionItems) = preProject
		.github\workflows\ci.yaml = .github\workflows\ci.yaml
		Directory.Build.props = Directory.Build.props
		Directory.Packages.props = Directory.Packages.props
		global.json = global.json
		nuget.config = nuget.config
		README.md = README.md
	EndProjectSection
EndProject
Project("{9A19103F-16F7-4668-BE54-9A1E7A4F7556}") = "Todo.Web.Server", "Todo.Web\Server\Todo.Web.Server.csproj", "{9459B25A-3A37-43C4-A7DE-6113C1E2CDD7}"
EndProject
Project("{9A19103F-16F7-4668-BE54-9A1E7A4F7556}") = "Todo.Web.Client", "Todo.Web\Client\Todo.Web.Client.csproj", "{699CCBA9-9DE8-48C3-9D2F-226E349C9253}"
EndProject
Project("{9A19103F-16F7-4668-BE54-9A1E7A4F7556}") = "Todo.Web.Shared", "Todo.Web\Shared\Todo.Web.Shared.csproj", "{272942F6-94E8-4D6B-8AD8-C4CCA305836D}"
EndProject
Project("{FAE04EC0-301F-11D3-BF4B-00C04F79EFBC}") = "TodoApp.AppHost", "TodoApp.AppHost\TodoApp.AppHost.csproj", "{4ECB456A-BC4A-4F99-A1D5-FE2DF1C4EA1D}"
EndProject
Project("{FAE04EC0-301F-11D3-BF4B-00C04F79EFBC}") = "TodoApp.ServiceDefaults", "TodoApp.ServiceDefaults\TodoApp.ServiceDefaults.csproj", "{67B571B3-F4FB-46AA-888E-17A5A773610C}"
EndProject
Project("{2150E333-8FDC-42A3-9474-1A3956D46DE8}") = "src", "src", "{02EA681E-C7D8-13C7-8484-4AC65E1B71E8}"
EndProject
Project("{2150E333-8FDC-42A3-9474-1A3956D46DE8}") = "tests", "tests", "{5C99C740-7E6A-4FFD-B21F-E807C980C205}"
EndProject
Global
	GlobalSection(SolutionConfigurationPlatforms) = preSolution
		Debug|Any CPU = Debug|Any CPU
		Release|Any CPU = Release|Any CPU
	EndGlobalSection
	GlobalSection(ProjectConfigurationPlatforms) = postSolution
		{8B1F6F88-C84A-4D2F-A648-EDDCA6BD7943}.Debug|Any CPU.ActiveCfg = Debug|Any CPU
		{8B1F6F88-C84A-4D2F-A648-EDDCA6BD7943}.Debug|Any CPU.Build.0 = Debug|Any CPU
		{8B1F6F88-C84A-4D2F-A648-EDDCA6BD7943}.Release|Any CPU.ActiveCfg = Release|Any CPU
		{8B1F6F88-C84A-4D2F-A648-EDDCA6BD7943}.Release|Any CPU.Build.0 = Release|Any CPU
		{0A9F94AE-38A9-426D-A643-1F5582544318}.Debug|Any CPU.ActiveCfg = Debug|Any CPU
		{0A9F94AE-38A9-426D-A643-1F5582544318}.Debug|Any CPU.Build.0 = Debug|Any CPU
		{0A9F94AE-38A9-426D-A643-1F5582544318}.Release|Any CPU.ActiveCfg = Release|Any CPU
		{0A9F94AE-38A9-426D-A643-1F5582544318}.Release|Any CPU.Build.0 = Release|Any CPU
		{9459B25A-3A37-43C4-A7DE-6113C1E2CDD7}.Debug|Any CPU.ActiveCfg = Debug|Any CPU
		{9459B25A-3A37-43C4-A7DE-6113C1E2CDD7}.Debug|Any CPU.Build.0 = Debug|Any CPU
		{9459B25A-3A37-43C4-A7DE-6113C1E2CDD7}.Release|Any CPU.ActiveCfg = Release|Any CPU
		{9459B25A-3A37-43C4-A7DE-6113C1E2CDD7}.Release|Any CPU.Build.0 = Release|Any CPU
		{699CCBA9-9DE8-48C3-9D2F-226E349C9253}.Debug|Any CPU.ActiveCfg = Debug|Any CPU
		{699CCBA9-9DE8-48C3-9D2F-226E349C9253}.Debug|Any CPU.Build.0 = Debug|Any CPU
		{699CCBA9-9DE8-48C3-9D2F-226E349C9253}.Release|Any CPU.ActiveCfg = Release|Any CPU
		{699CCBA9-9DE8-48C3-9D2F-226E349C9253}.Release|Any CPU.Build.0 = Release|Any CPU
		{272942F6-94E8-4D6B-8AD8-C4CCA305836D}.Debug|Any CPU.ActiveCfg = Debug|Any CPU
		{272942F6-94E8-4D6B-8AD8-C4CCA305836D}.Debug|Any CPU.Build.0 = Debug|Any CPU
		{272942F6-94E8-4D6B-8AD8-C4CCA305836D}.Release|Any CPU.ActiveCfg = Release|Any CPU
		{272942F6-94E8-4D6B-8AD8-C4CCA305836D}.Release|Any CPU.Build.0 = Release|Any CPU
		{4ECB456A-BC4A-4F99-A1D5-FE2DF1C4EA1D}.Debug|Any CPU.ActiveCfg = Debug|Any CPU
		{4ECB456A-BC4A-4F99-A1D5-FE2DF1C4EA1D}.Debug|Any CPU.Build.0 = Debug|Any CPU
		{4ECB456A-BC4A-4F99-A1D5-FE2DF1C4EA1D}.Release|Any CPU.ActiveCfg = Release|Any CPU
		{4ECB456A-BC4A-4F99-A1D5-FE2DF1C4EA1D}.Release|Any CPU.Build.0 = Release|Any CPU
		{67B571B3-F4FB-46AA-888E-17A5A773610C}.Debug|Any CPU.ActiveCfg = Debug|Any CPU
		{67B571B3-F4FB-46AA-888E-17A5A773610C}.Debug|Any CPU.Build.0 = Debug|Any CPU
		{67B571B3-F4FB-46AA-888E-17A5A773610C}.Release|Any CPU.ActiveCfg = Release|Any CPU
		{67B571B3-F4FB-46AA-888E-17A5A773610C}.Release|Any CPU.Build.0 = Release|Any CPU
	EndGlobalSection
	GlobalSection(SolutionProperties) = preSolution
		HideSolutionNode = FALSE
	EndGlobalSection
	GlobalSection(NestedProjects) = preSolution
		{8B1F6F88-C84A-4D2F-A648-EDDCA6BD7943} = {02EA681E-C7D8-13C7-8484-4AC65E1B71E8}
		{0A9F94AE-38A9-426D-A643-1F5582544318} = {5C99C740-7E6A-4FFD-B21F-E807C980C205}
		{9459B25A-3A37-43C4-A7DE-6113C1E2CDD7} = {02EA681E-C7D8-13C7-8484-4AC65E1B71E8}
		{699CCBA9-9DE8-48C3-9D2F-226E349C9253} = {02EA681E-C7D8-13C7-8484-4AC65E1B71E8}
		{272942F6-94E8-4D6B-8AD8-C4CCA305836D} = {02EA681E-C7D8-13C7-8484-4AC65E1B71E8}
		{4ECB456A-BC4A-4F99-A1D5-FE2DF1C4EA1D} = {02EA681E-C7D8-13C7-8484-4AC65E1B71E8}
		{67B571B3-F4FB-46AA-888E-17A5A773610C} = {02EA681E-C7D8-13C7-8484-4AC65E1B71E8}
	EndGlobalSection
	GlobalSection(ExtensibilityGlobals) = postSolution
		SolutionGuid = {28EAB679-0C71-494A-A1EC-D29DEDDD402E}
	EndGlobalSection
EndGlobal
