
Microsoft Visual Studio Solution File, Format Version 12.00
# Visual Studio Version 16
VisualStudioVersion = 16.0.31223.327
MinimumVisualStudioVersion = 10.0.40219.1
Project("{9A19103F-16F7-4668-BE54-9A1E7A4F7556}") = "TodoApi", "TodoApi\TodoApi.csproj", "{8B1F6F88-C84A-4D2F-A648-EDDCA6BD7943}"
EndProject
Project("{9A19103F-16F7-4668-BE54-9A1E7A4F7556}") = "TodoApi.Tests", "TodoApi.Tests\TodoApi.Tests.csproj", "{0A9F94AE-38A9-426D-A643-1F5582544318}"
EndProject
Project("{2150E333-8FDC-42A3-9474-1A3956D46DE8}") = "Solution Items", "Solution Items", "{7FAB2FEF-77C3-4519-AA2E-0CCCDFE1FC13}"
	ProjectSection(SolutionItems) = preProject
		README.md = README.md
	EndProjectSection
EndProject
Global
	GlobalSection(SolutionConfigurationPlatforms) = preSolution
		Debug|Any CPU = Debug|Any CPU
		Release|Any CPU = Release|Any CPU
	EndGlobalSection
	GlobalSection(ProjectConfigurationPlatforms) = postSolution
		{8B1F6F88-C84A-4D2F-A648-EDDCA6BD7943}.Debug|Any CPU.ActiveCfg = Debug|Any CPU
		{8B1F6F88-C84A-4D2F-A648-EDDCA6BD7943}.Debug|Any CPU.Build.0 = Debug|Any CPU
		{8B1F6F88-C84A-4D2F-A648-EDDCA6BD7943}.Release|Any CPU.ActiveCfg = Release|Any CPU
		{8B1F6F88-C84A-4D2F-A648-EDDCA6BD7943}.Release|Any CPU.Build.0 = Release|Any CPU
		{0A9F94AE-38A9-426D-A643-1F5582544318}.Debug|Any CPU.ActiveCfg = Debug|Any CPU
		{0A9F94AE-38A9-426D-A643-1F5582544318}.Debug|Any CPU.Build.0 = Debug|Any CPU
		{0A9F94AE-38A9-426D-A643-1F5582544318}.Release|Any CPU.ActiveCfg = Release|Any CPU
		{0A9F94AE-38A9-426D-A643-1F5582544318}.Release|Any CPU.Build.0 = Release|Any CPU
	EndGlobalSection
	GlobalSection(SolutionProperties) = preSolution
		HideSolutionNode = FALSE
	EndGlobalSection
	GlobalSection(ExtensibilityGlobals) = postSolution
		SolutionGuid = {28EAB679-0C71-494A-A1EC-D29DEDDD402E}
	EndGlobalSection
EndGlobal
